// !$*UTF8*$!
{
	archiveVersion = 1;
	classes = {
	};
	objectVersion = 46;
	objects = {

/* Begin PBXBuildFile section */
		040EA4E41C6A9680006169E3 /* instarapairhorn.png in Resources */ = {isa = PBXBuildFile; fileRef = 040EA4E31C6A9680006169E3 /* instarapairhorn.png */; };
		04227ACD1C5D534900D075C2 /* System-settings-icon.png in Resources */ = {isa = PBXBuildFile; fileRef = 04227ACA1C5D534900D075C2 /* System-settings-icon.png */; };
		04227ACE1C5D534900D075C2 /* System-settings-icon@2x.png in Resources */ = {isa = PBXBuildFile; fileRef = 04227ACB1C5D534900D075C2 /* System-settings-icon@2x.png */; };
		04227ACF1C5D534900D075C2 /* System-settings-icon@3x.png in Resources */ = {isa = PBXBuildFile; fileRef = 04227ACC1C5D534900D075C2 /* System-settings-icon@3x.png */; };
		04227AD11C5D558C00D075C2 /* SettingsViewController.swift in Sources */ = {isa = PBXBuildFile; fileRef = 04227AD01C5D558C00D075C2 /* SettingsViewController.swift */; };
		042615C41C69AEF300E351EC /* instarapairhorn.m4a in Resources */ = {isa = PBXBuildFile; fileRef = 042615C31C69AEF300E351EC /* instarapairhorn.m4a */; };
		043EF5201C615B8300733477 /* DefaultSettings.plist in Resources */ = {isa = PBXBuildFile; fileRef = 043EF51F1C615B8300733477 /* DefaultSettings.plist */; };
		044596241C651A5C00C84172 /* wrap-it-up-music.m4a in Resources */ = {isa = PBXBuildFile; fileRef = 3F0B7B4C1C6194130086F47B /* wrap-it-up-music.m4a */; };
		044596251C651A6000C84172 /* thats-what-she-said.m4a in Resources */ = {isa = PBXBuildFile; fileRef = 3F0B7B4B1C6194130086F47B /* thats-what-she-said.m4a */; };
		044596261C651A6300C84172 /* that-was-easy.m4a in Resources */ = {isa = PBXBuildFile; fileRef = 3F0B7B4A1C6194130086F47B /* that-was-easy.m4a */; };
		044596271C651A6500C84172 /* hah-gay.m4a in Resources */ = {isa = PBXBuildFile; fileRef = 3F0B7B481C6194130086F47B /* hah-gay.m4a */; };
		044596281C651A6800C84172 /* shazam.m4a in Resources */ = {isa = PBXBuildFile; fileRef = 3F0B7B491C6194130086F47B /* shazam.m4a */; };
		044596291C651A6B00C84172 /* got-him.m4a in Resources */ = {isa = PBXBuildFile; fileRef = 3F0B7B461C6194130086F47B /* got-him.m4a */; };
		0445962A1C651A6D00C84172 /* deez-nuts.m4a in Resources */ = {isa = PBXBuildFile; fileRef = 3F0B7B451C6194130086F47B /* deez-nuts.m4a */; };
		0445962B1C651A7000C84172 /* dave-chappelle-hummina.m4a in Resources */ = {isa = PBXBuildFile; fileRef = 3F0B7B441C6194130086F47B /* dave-chappelle-hummina.m4a */; };
		0445962C1C651A7200C84172 /* bye-felicia.m4a in Resources */ = {isa = PBXBuildFile; fileRef = 3F0B7B431C6194130086F47B /* bye-felicia.m4a */; };
		0445962D1C651A7500C84172 /* bon-qui-rude.m4a in Resources */ = {isa = PBXBuildFile; fileRef = 3F0B7B411C6194130086F47B /* bon-qui-rude.m4a */; };
		0445962E1C651A7800C84172 /* bon-qui-security.m4a in Resources */ = {isa = PBXBuildFile; fileRef = 3F0B7B421C6194130086F47B /* bon-qui-security.m4a */; };
		0445962F1C651A7A00C84172 /* bon-qui-girl-i-cut-him.m4a in Resources */ = {isa = PBXBuildFile; fileRef = 3F0B7B401C6194130086F47B /* bon-qui-girl-i-cut-him.m4a */; };
		044596301C651A7D00C84172 /* archer-fail.m4a in Resources */ = {isa = PBXBuildFile; fileRef = 3F0B7B3F1C6194130086F47B /* archer-fail.m4a */; };
		044596311C651A8500C84172 /* gotcha-bitch.m4a in Resources */ = {isa = PBXBuildFile; fileRef = 3F0B7B471C6194130086F47B /* gotcha-bitch.m4a */; };
		0445963F1C65286800C84172 /* archer-fail.png in Resources */ = {isa = PBXBuildFile; fileRef = 044596321C65286800C84172 /* archer-fail.png */; };
		044596401C65286800C84172 /* bon-qui-girl-i-cut-him.png in Resources */ = {isa = PBXBuildFile; fileRef = 044596331C65286800C84172 /* bon-qui-girl-i-cut-him.png */; };
		044596411C65286800C84172 /* bon-qui-rude.png in Resources */ = {isa = PBXBuildFile; fileRef = 044596341C65286800C84172 /* bon-qui-rude.png */; };
		044596421C65286800C84172 /* bon-qui-security.png in Resources */ = {isa = PBXBuildFile; fileRef = 044596351C65286800C84172 /* bon-qui-security.png */; };
		044596431C65286800C84172 /* bye-felicia.png in Resources */ = {isa = PBXBuildFile; fileRef = 044596361C65286800C84172 /* bye-felicia.png */; };
		044596441C65286800C84172 /* dave-chappelle-hummina.png in Resources */ = {isa = PBXBuildFile; fileRef = 044596371C65286800C84172 /* dave-chappelle-hummina.png */; };
		044596451C65286800C84172 /* deez-nuts.png in Resources */ = {isa = PBXBuildFile; fileRef = 044596381C65286800C84172 /* deez-nuts.png */; };
		044596461C65286800C84172 /* got-him.png in Resources */ = {isa = PBXBuildFile; fileRef = 044596391C65286800C84172 /* got-him.png */; };
		044596471C65286800C84172 /* gotcha-bitch.png in Resources */ = {isa = PBXBuildFile; fileRef = 0445963A1C65286800C84172 /* gotcha-bitch.png */; };
		044596481C65286800C84172 /* hah-gay.png in Resources */ = {isa = PBXBuildFile; fileRef = 0445963B1C65286800C84172 /* hah-gay.png */; };
		044596491C65286800C84172 /* shazam.png in Resources */ = {isa = PBXBuildFile; fileRef = 0445963C1C65286800C84172 /* shazam.png */; };
		0445964A1C65286800C84172 /* that-was-easy.png in Resources */ = {isa = PBXBuildFile; fileRef = 0445963D1C65286800C84172 /* that-was-easy.png */; };
		0445964B1C65286800C84172 /* thats-what-she-said.png in Resources */ = {isa = PBXBuildFile; fileRef = 0445963E1C65286800C84172 /* thats-what-she-said.png */; };
		0445964D1C65287C00C84172 /* bruh-sound-effect.png in Resources */ = {isa = PBXBuildFile; fileRef = 0445964C1C65287C00C84172 /* bruh-sound-effect.png */; };
		046388601C6D973800B57CC2 /* jesus-christ-kid.m4a in Resources */ = {isa = PBXBuildFile; fileRef = 0463885D1C6D973800B57CC2 /* jesus-christ-kid.m4a */; };
		046388611C6D973800B57CC2 /* linda-listen.m4a in Resources */ = {isa = PBXBuildFile; fileRef = 0463885E1C6D973800B57CC2 /* linda-listen.m4a */; };
		046388621C6D973800B57CC2 /* okay-then-what.m4a in Resources */ = {isa = PBXBuildFile; fileRef = 0463885F1C6D973800B57CC2 /* okay-then-what.m4a */; };
		046388661C6D974800B57CC2 /* jesus-christ-kid.png in Resources */ = {isa = PBXBuildFile; fileRef = 046388631C6D974800B57CC2 /* jesus-christ-kid.png */; };
		046388671C6D974800B57CC2 /* okay-then-what.png in Resources */ = {isa = PBXBuildFile; fileRef = 046388641C6D974800B57CC2 /* okay-then-what.png */; };
		046388681C6D974800B57CC2 /* linda-listen.png in Resources */ = {isa = PBXBuildFile; fileRef = 046388651C6D974800B57CC2 /* linda-listen.png */; };
		0463886A1C6D9B3B00B57CC2 /* okay-kanye-song.png in Resources */ = {isa = PBXBuildFile; fileRef = 046388691C6D9B3B00B57CC2 /* okay-kanye-song.png */; };
		0463886C1C6D9B8E00B57CC2 /* okay-kanye-song.m4a in Resources */ = {isa = PBXBuildFile; fileRef = 0463886B1C6D9B4500B57CC2 /* okay-kanye-song.m4a */; };
		0463886E1C6D9D0000B57CC2 /* okay-vine.m4a in Resources */ = {isa = PBXBuildFile; fileRef = 0463886D1C6D9D0000B57CC2 /* okay-vine.m4a */; };
		046388701C6D9D3100B57CC2 /* okay-vine.png in Resources */ = {isa = PBXBuildFile; fileRef = 0463886F1C6D9D3100B57CC2 /* okay-vine.png */; };
		04699E3A1C6571A900F9FE4F /* wrap-it-up-music.png in Resources */ = {isa = PBXBuildFile; fileRef = 04699E391C6571A900F9FE4F /* wrap-it-up-music.png */; };
		047286411C57F28300F08547 /* AppDelegate.swift in Sources */ = {isa = PBXBuildFile; fileRef = 047286401C57F28300F08547 /* AppDelegate.swift */; };
		047286431C57F28300F08547 /* ViewController.swift in Sources */ = {isa = PBXBuildFile; fileRef = 047286421C57F28300F08547 /* ViewController.swift */; };
		047286461C57F28300F08547 /* Main.storyboard in Resources */ = {isa = PBXBuildFile; fileRef = 047286441C57F28300F08547 /* Main.storyboard */; };
		047286481C57F28300F08547 /* Assets.xcassets in Resources */ = {isa = PBXBuildFile; fileRef = 047286471C57F28300F08547 /* Assets.xcassets */; };
		0472864B1C57F28300F08547 /* LaunchScreen.storyboard in Resources */ = {isa = PBXBuildFile; fileRef = 047286491C57F28300F08547 /* LaunchScreen.storyboard */; };
		047286531C57F55700F08547 /* AVFoundation.framework in Frameworks */ = {isa = PBXBuildFile; fileRef = 047286521C57F55700F08547 /* AVFoundation.framework */; };
		047286571C57F8DE00F08547 /* bruh-sound-effect.m4a in Resources */ = {isa = PBXBuildFile; fileRef = 047286551C57F8DE00F08547 /* bruh-sound-effect.m4a */; };
		04B9964C1C5D9B10003CFAAC /* ButtonSelectionViewController.swift in Sources */ = {isa = PBXBuildFile; fileRef = 04B9964B1C5D9B10003CFAAC /* ButtonSelectionViewController.swift */; };
		04B996501C5D9E1D003CFAAC /* menu-icon.png in Resources */ = {isa = PBXBuildFile; fileRef = 04B9964D1C5D9E1D003CFAAC /* menu-icon.png */; };
		04B996511C5D9E1D003CFAAC /* menu-icon@2x.png in Resources */ = {isa = PBXBuildFile; fileRef = 04B9964E1C5D9E1D003CFAAC /* menu-icon@2x.png */; };
		04B996521C5D9E1D003CFAAC /* menu-icon@3x.png in Resources */ = {isa = PBXBuildFile; fileRef = 04B9964F1C5D9E1D003CFAAC /* menu-icon@3x.png */; };
/* End PBXBuildFile section */

/* Begin PBXFileReference section */
		040EA4E31C6A9680006169E3 /* instarapairhorn.png */ = {isa = PBXFileReference; lastKnownFileType = image.png; path = instarapairhorn.png; sourceTree = "<group>"; };
		04227ACA1C5D534900D075C2 /* System-settings-icon.png */ = {isa = PBXFileReference; lastKnownFileType = image.png; path = "System-settings-icon.png"; sourceTree = "<group>"; };
		04227ACB1C5D534900D075C2 /* System-settings-icon@2x.png */ = {isa = PBXFileReference; lastKnownFileType = image.png; path = "System-settings-icon@2x.png"; sourceTree = "<group>"; };
		04227ACC1C5D534900D075C2 /* System-settings-icon@3x.png */ = {isa = PBXFileReference; lastKnownFileType = image.png; path = "System-settings-icon@3x.png"; sourceTree = "<group>"; };
		04227AD01C5D558C00D075C2 /* SettingsViewController.swift */ = {isa = PBXFileReference; fileEncoding = 4; lastKnownFileType = sourcecode.swift; path = SettingsViewController.swift; sourceTree = "<group>"; };
		04227AD41C5D7C3300D075C2 /* stringConstants.h */ = {isa = PBXFileReference; lastKnownFileType = sourcecode.c.h; path = stringConstants.h; sourceTree = "<group>"; };
		042615C31C69AEF300E351EC /* instarapairhorn.m4a */ = {isa = PBXFileReference; lastKnownFileType = file; path = instarapairhorn.m4a; sourceTree = "<group>"; };
		043EF51F1C615B8300733477 /* DefaultSettings.plist */ = {isa = PBXFileReference; fileEncoding = 4; lastKnownFileType = text.plist.xml; path = DefaultSettings.plist; sourceTree = "<group>"; };
		044596321C65286800C84172 /* archer-fail.png */ = {isa = PBXFileReference; lastKnownFileType = image.png; path = "archer-fail.png"; sourceTree = "<group>"; };
		044596331C65286800C84172 /* bon-qui-girl-i-cut-him.png */ = {isa = PBXFileReference; lastKnownFileType = image.png; path = "bon-qui-girl-i-cut-him.png"; sourceTree = "<group>"; };
		044596341C65286800C84172 /* bon-qui-rude.png */ = {isa = PBXFileReference; lastKnownFileType = image.png; path = "bon-qui-rude.png"; sourceTree = "<group>"; };
		044596351C65286800C84172 /* bon-qui-security.png */ = {isa = PBXFileReference; lastKnownFileType = image.png; path = "bon-qui-security.png"; sourceTree = "<group>"; };
		044596361C65286800C84172 /* bye-felicia.png */ = {isa = PBXFileReference; lastKnownFileType = image.png; path = "bye-felicia.png"; sourceTree = "<group>"; };
		044596371C65286800C84172 /* dave-chappelle-hummina.png */ = {isa = PBXFileReference; lastKnownFileType = image.png; path = "dave-chappelle-hummina.png"; sourceTree = "<group>"; };
		044596381C65286800C84172 /* deez-nuts.png */ = {isa = PBXFileReference; lastKnownFileType = image.png; path = "deez-nuts.png"; sourceTree = "<group>"; };
		044596391C65286800C84172 /* got-him.png */ = {isa = PBXFileReference; lastKnownFileType = image.png; path = "got-him.png"; sourceTree = "<group>"; };
		0445963A1C65286800C84172 /* gotcha-bitch.png */ = {isa = PBXFileReference; lastKnownFileType = image.png; path = "gotcha-bitch.png"; sourceTree = "<group>"; };
		0445963B1C65286800C84172 /* hah-gay.png */ = {isa = PBXFileReference; lastKnownFileType = image.png; path = "hah-gay.png"; sourceTree = "<group>"; };
		0445963C1C65286800C84172 /* shazam.png */ = {isa = PBXFileReference; lastKnownFileType = image.png; path = shazam.png; sourceTree = "<group>"; };
		0445963D1C65286800C84172 /* that-was-easy.png */ = {isa = PBXFileReference; lastKnownFileType = image.png; path = "that-was-easy.png"; sourceTree = "<group>"; };
		0445963E1C65286800C84172 /* thats-what-she-said.png */ = {isa = PBXFileReference; lastKnownFileType = image.png; path = "thats-what-she-said.png"; sourceTree = "<group>"; };
		0445964C1C65287C00C84172 /* bruh-sound-effect.png */ = {isa = PBXFileReference; lastKnownFileType = image.png; path = "bruh-sound-effect.png"; sourceTree = "<group>"; };
		0463885D1C6D973800B57CC2 /* jesus-christ-kid.m4a */ = {isa = PBXFileReference; lastKnownFileType = file; path = "jesus-christ-kid.m4a"; sourceTree = "<group>"; };
		0463885E1C6D973800B57CC2 /* linda-listen.m4a */ = {isa = PBXFileReference; lastKnownFileType = file; path = "linda-listen.m4a"; sourceTree = "<group>"; };
		0463885F1C6D973800B57CC2 /* okay-then-what.m4a */ = {isa = PBXFileReference; lastKnownFileType = file; path = "okay-then-what.m4a"; sourceTree = "<group>"; };
		046388631C6D974800B57CC2 /* jesus-christ-kid.png */ = {isa = PBXFileReference; lastKnownFileType = image.png; path = "jesus-christ-kid.png"; sourceTree = "<group>"; };
		046388641C6D974800B57CC2 /* okay-then-what.png */ = {isa = PBXFileReference; lastKnownFileType = image.png; path = "okay-then-what.png"; sourceTree = "<group>"; };
		046388651C6D974800B57CC2 /* linda-listen.png */ = {isa = PBXFileReference; lastKnownFileType = image.png; path = "linda-listen.png"; sourceTree = "<group>"; };
		046388691C6D9B3B00B57CC2 /* okay-kanye-song.png */ = {isa = PBXFileReference; lastKnownFileType = image.png; path = "okay-kanye-song.png"; sourceTree = "<group>"; };
		0463886B1C6D9B4500B57CC2 /* okay-kanye-song.m4a */ = {isa = PBXFileReference; lastKnownFileType = file; path = "okay-kanye-song.m4a"; sourceTree = "<group>"; };
		0463886D1C6D9D0000B57CC2 /* okay-vine.m4a */ = {isa = PBXFileReference; lastKnownFileType = file; path = "okay-vine.m4a"; sourceTree = "<group>"; };
		0463886F1C6D9D3100B57CC2 /* okay-vine.png */ = {isa = PBXFileReference; lastKnownFileType = image.png; path = "okay-vine.png"; sourceTree = "<group>"; };
		04699E391C6571A900F9FE4F /* wrap-it-up-music.png */ = {isa = PBXFileReference; lastKnownFileType = image.png; path = "wrap-it-up-music.png"; sourceTree = "<group>"; };
		0472863D1C57F28300F08547 /* Bruhhh.app */ = {isa = PBXFileReference; explicitFileType = wrapper.application; includeInIndex = 0; path = Bruhhh.app; sourceTree = BUILT_PRODUCTS_DIR; };
		047286401C57F28300F08547 /* AppDelegate.swift */ = {isa = PBXFileReference; lastKnownFileType = sourcecode.swift; path = AppDelegate.swift; sourceTree = "<group>"; };
		047286421C57F28300F08547 /* ViewController.swift */ = {isa = PBXFileReference; lastKnownFileType = sourcecode.swift; path = ViewController.swift; sourceTree = "<group>"; };
		047286451C57F28300F08547 /* Base */ = {isa = PBXFileReference; lastKnownFileType = file.storyboard; name = Base; path = Base.lproj/Main.storyboard; sourceTree = "<group>"; };
		047286471C57F28300F08547 /* Assets.xcassets */ = {isa = PBXFileReference; lastKnownFileType = folder.assetcatalog; path = Assets.xcassets; sourceTree = "<group>"; };
		0472864A1C57F28300F08547 /* Base */ = {isa = PBXFileReference; lastKnownFileType = file.storyboard; name = Base; path = Base.lproj/LaunchScreen.storyboard; sourceTree = "<group>"; };
		0472864C1C57F28300F08547 /* Info.plist */ = {isa = PBXFileReference; lastKnownFileType = text.plist.xml; path = Info.plist; sourceTree = "<group>"; };
		047286521C57F55700F08547 /* AVFoundation.framework */ = {isa = PBXFileReference; lastKnownFileType = wrapper.framework; name = AVFoundation.framework; path = System/Library/Frameworks/AVFoundation.framework; sourceTree = SDKROOT; };
		047286551C57F8DE00F08547 /* bruh-sound-effect.m4a */ = {isa = PBXFileReference; lastKnownFileType = file; path = "bruh-sound-effect.m4a"; sourceTree = "<group>"; };
		04B9964B1C5D9B10003CFAAC /* ButtonSelectionViewController.swift */ = {isa = PBXFileReference; fileEncoding = 4; lastKnownFileType = sourcecode.swift; path = ButtonSelectionViewController.swift; sourceTree = "<group>"; };
		04B9964D1C5D9E1D003CFAAC /* menu-icon.png */ = {isa = PBXFileReference; lastKnownFileType = image.png; path = "menu-icon.png"; sourceTree = "<group>"; };
		04B9964E1C5D9E1D003CFAAC /* menu-icon@2x.png */ = {isa = PBXFileReference; lastKnownFileType = image.png; path = "menu-icon@2x.png"; sourceTree = "<group>"; };
		04B9964F1C5D9E1D003CFAAC /* menu-icon@3x.png */ = {isa = PBXFileReference; lastKnownFileType = image.png; path = "menu-icon@3x.png"; sourceTree = "<group>"; };
		3F0B7B3F1C6194130086F47B /* archer-fail.m4a */ = {isa = PBXFileReference; lastKnownFileType = file; path = "archer-fail.m4a"; sourceTree = "<group>"; };
		3F0B7B401C6194130086F47B /* bon-qui-girl-i-cut-him.m4a */ = {isa = PBXFileReference; lastKnownFileType = file; path = "bon-qui-girl-i-cut-him.m4a"; sourceTree = "<group>"; };
		3F0B7B411C6194130086F47B /* bon-qui-rude.m4a */ = {isa = PBXFileReference; lastKnownFileType = file; path = "bon-qui-rude.m4a"; sourceTree = "<group>"; };
		3F0B7B421C6194130086F47B /* bon-qui-security.m4a */ = {isa = PBXFileReference; lastKnownFileType = file; path = "bon-qui-security.m4a"; sourceTree = "<group>"; };
		3F0B7B431C6194130086F47B /* bye-felicia.m4a */ = {isa = PBXFileReference; lastKnownFileType = file; path = "bye-felicia.m4a"; sourceTree = "<group>"; };
		3F0B7B441C6194130086F47B /* dave-chappelle-hummina.m4a */ = {isa = PBXFileReference; lastKnownFileType = file; path = "dave-chappelle-hummina.m4a"; sourceTree = "<group>"; };
		3F0B7B451C6194130086F47B /* deez-nuts.m4a */ = {isa = PBXFileReference; lastKnownFileType = file; path = "deez-nuts.m4a"; sourceTree = "<group>"; };
		3F0B7B461C6194130086F47B /* got-him.m4a */ = {isa = PBXFileReference; lastKnownFileType = file; path = "got-him.m4a"; sourceTree = "<group>"; };
		3F0B7B471C6194130086F47B /* gotcha-bitch.m4a */ = {isa = PBXFileReference; lastKnownFileType = file; path = "gotcha-bitch.m4a"; sourceTree = "<group>"; };
		3F0B7B481C6194130086F47B /* hah-gay.m4a */ = {isa = PBXFileReference; lastKnownFileType = file; path = "hah-gay.m4a"; sourceTree = "<group>"; };
		3F0B7B491C6194130086F47B /* shazam.m4a */ = {isa = PBXFileReference; lastKnownFileType = file; path = shazam.m4a; sourceTree = "<group>"; };
		3F0B7B4A1C6194130086F47B /* that-was-easy.m4a */ = {isa = PBXFileReference; lastKnownFileType = file; path = "that-was-easy.m4a"; sourceTree = "<group>"; };
		3F0B7B4B1C6194130086F47B /* thats-what-she-said.m4a */ = {isa = PBXFileReference; lastKnownFileType = file; path = "thats-what-she-said.m4a"; sourceTree = "<group>"; };
		3F0B7B4C1C6194130086F47B /* wrap-it-up-music.m4a */ = {isa = PBXFileReference; lastKnownFileType = file; path = "wrap-it-up-music.m4a"; sourceTree = "<group>"; };
/* End PBXFileReference section */

/* Begin PBXFrameworksBuildPhase section */
		0472863A1C57F28300F08547 /* Frameworks */ = {
			isa = PBXFrameworksBuildPhase;
			buildActionMask = 2147483647;
			files = (
				047286531C57F55700F08547 /* AVFoundation.framework in Frameworks */,
			);
			runOnlyForDeploymentPostprocessing = 0;
		};
/* End PBXFrameworksBuildPhase section */

/* Begin PBXGroup section */
		043EF5211C61A15500733477 /* Sound bites */ = {
			isa = PBXGroup;
			children = (
				3F0B7B3F1C6194130086F47B /* archer-fail.m4a */,
				3F0B7B401C6194130086F47B /* bon-qui-girl-i-cut-him.m4a */,
				3F0B7B411C6194130086F47B /* bon-qui-rude.m4a */,
				3F0B7B421C6194130086F47B /* bon-qui-security.m4a */,
				3F0B7B431C6194130086F47B /* bye-felicia.m4a */,
				3F0B7B441C6194130086F47B /* dave-chappelle-hummina.m4a */,
				3F0B7B451C6194130086F47B /* deez-nuts.m4a */,
				3F0B7B461C6194130086F47B /* got-him.m4a */,
				3F0B7B471C6194130086F47B /* gotcha-bitch.m4a */,
				3F0B7B481C6194130086F47B /* hah-gay.m4a */,
				042615C31C69AEF300E351EC /* instarapairhorn.m4a */,
				3F0B7B491C6194130086F47B /* shazam.m4a */,
				3F0B7B4A1C6194130086F47B /* that-was-easy.m4a */,
				3F0B7B4B1C6194130086F47B /* thats-what-she-said.m4a */,
				3F0B7B4C1C6194130086F47B /* wrap-it-up-music.m4a */,
				047286551C57F8DE00F08547 /* bruh-sound-effect.m4a */,
				0463885D1C6D973800B57CC2 /* jesus-christ-kid.m4a */,
				0463885E1C6D973800B57CC2 /* linda-listen.m4a */,
				0463885F1C6D973800B57CC2 /* okay-then-what.m4a */,
				0463886B1C6D9B4500B57CC2 /* okay-kanye-song.m4a */,
				0463886D1C6D9D0000B57CC2 /* okay-vine.m4a */,
			);
			name = "Sound bites";
			sourceTree = "<group>";
		};
		043EF5221C61A16100733477 /* images */ = {
			isa = PBXGroup;
			children = (
				044596321C65286800C84172 /* archer-fail.png */,
				044596331C65286800C84172 /* bon-qui-girl-i-cut-him.png */,
				044596341C65286800C84172 /* bon-qui-rude.png */,
				044596351C65286800C84172 /* bon-qui-security.png */,
				0445964C1C65287C00C84172 /* bruh-sound-effect.png */,
				044596361C65286800C84172 /* bye-felicia.png */,
				044596371C65286800C84172 /* dave-chappelle-hummina.png */,
				044596381C65286800C84172 /* deez-nuts.png */,
				044596391C65286800C84172 /* got-him.png */,
				0445963A1C65286800C84172 /* gotcha-bitch.png */,
				0445963B1C65286800C84172 /* hah-gay.png */,
				040EA4E31C6A9680006169E3 /* instarapairhorn.png */,
				0445963C1C65286800C84172 /* shazam.png */,
				0445963D1C65286800C84172 /* that-was-easy.png */,
				0445963E1C65286800C84172 /* thats-what-she-said.png */,
				04699E391C6571A900F9FE4F /* wrap-it-up-music.png */,
				04B9964D1C5D9E1D003CFAAC /* menu-icon.png */,
				04B9964E1C5D9E1D003CFAAC /* menu-icon@2x.png */,
				04B9964F1C5D9E1D003CFAAC /* menu-icon@3x.png */,
				04227ACA1C5D534900D075C2 /* System-settings-icon.png */,
				04227ACB1C5D534900D075C2 /* System-settings-icon@2x.png */,
				04227ACC1C5D534900D075C2 /* System-settings-icon@3x.png */,
				046388631C6D974800B57CC2 /* jesus-christ-kid.png */,
				046388641C6D974800B57CC2 /* okay-then-what.png */,
				046388651C6D974800B57CC2 /* linda-listen.png */,
				046388691C6D9B3B00B57CC2 /* okay-kanye-song.png */,
				0463886F1C6D9D3100B57CC2 /* okay-vine.png */,
			);
			name = images;
			sourceTree = "<group>";
		};
		047286341C57F28300F08547 = {
			isa = PBXGroup;
			children = (
				047286521C57F55700F08547 /* AVFoundation.framework */,
				0472863F1C57F28300F08547 /* Bruhhh */,
				0472863E1C57F28300F08547 /* Products */,
			);
			sourceTree = "<group>";
		};
		0472863E1C57F28300F08547 /* Products */ = {
			isa = PBXGroup;
			children = (
				0472863D1C57F28300F08547 /* Bruhhh.app */,
			);
			name = Products;
			sourceTree = "<group>";
		};
		0472863F1C57F28300F08547 /* Bruhhh */ = {
			isa = PBXGroup;
			children = (
				047286581C57F8EB00F08547 /* Helpers */,
				047286401C57F28300F08547 /* AppDelegate.swift */,
				047286421C57F28300F08547 /* ViewController.swift */,
				04227AD01C5D558C00D075C2 /* SettingsViewController.swift */,
				04B9964B1C5D9B10003CFAAC /* ButtonSelectionViewController.swift */,
				04227AD41C5D7C3300D075C2 /* stringConstants.h */,
				043EF51F1C615B8300733477 /* DefaultSettings.plist */,
				047286441C57F28300F08547 /* Main.storyboard */,
				047286471C57F28300F08547 /* Assets.xcassets */,
				047286491C57F28300F08547 /* LaunchScreen.storyboard */,
				0472864C1C57F28300F08547 /* Info.plist */,
			);
			path = Bruhhh;
			sourceTree = "<group>";
		};
		047286581C57F8EB00F08547 /* Helpers */ = {
			isa = PBXGroup;
			children = (
				043EF5211C61A15500733477 /* Sound bites */,
				043EF5221C61A16100733477 /* images */,
			);
			name = Helpers;
			sourceTree = "<group>";
		};
/* End PBXGroup section */

/* Begin PBXNativeTarget section */
		0472863C1C57F28300F08547 /* Bruhhh */ = {
			isa = PBXNativeTarget;
			buildConfigurationList = 0472864F1C57F28300F08547 /* Build configuration list for PBXNativeTarget "Bruhhh" */;
			buildPhases = (
				047286391C57F28300F08547 /* Sources */,
				0472863A1C57F28300F08547 /* Frameworks */,
				0472863B1C57F28300F08547 /* Resources */,
			);
			buildRules = (
			);
			dependencies = (
			);
			name = Bruhhh;
			productName = Bruhhh;
			productReference = 0472863D1C57F28300F08547 /* Bruhhh.app */;
			productType = "com.apple.product-type.application";
		};
/* End PBXNativeTarget section */

/* Begin PBXProject section */
		047286351C57F28300F08547 /* Project object */ = {
			isa = PBXProject;
			attributes = {
				LastSwiftUpdateCheck = 0720;
				LastUpgradeCheck = 0720;
				ORGANIZATIONNAME = "Mac Demo";
				TargetAttributes = {
					0472863C1C57F28300F08547 = {
						CreatedOnToolsVersion = 7.2;
						DevelopmentTeam = 3K93EXS2KS;
					};
				};
			};
			buildConfigurationList = 047286381C57F28300F08547 /* Build configuration list for PBXProject "Bruhhh" */;
			compatibilityVersion = "Xcode 3.2";
			developmentRegion = English;
			hasScannedForEncodings = 0;
			knownRegions = (
				en,
				Base,
			);
			mainGroup = 047286341C57F28300F08547;
			productRefGroup = 0472863E1C57F28300F08547 /* Products */;
			projectDirPath = "";
			projectRoot = "";
			targets = (
				0472863C1C57F28300F08547 /* Bruhhh */,
			);
		};
/* End PBXProject section */

/* Begin PBXResourcesBuildPhase section */
		0472863B1C57F28300F08547 /* Resources */ = {
			isa = PBXResourcesBuildPhase;
			buildActionMask = 2147483647;
			files = (
				047286571C57F8DE00F08547 /* bruh-sound-effect.m4a in Resources */,
				040EA4E41C6A9680006169E3 /* instarapairhorn.png in Resources */,
				0445964D1C65287C00C84172 /* bruh-sound-effect.png in Resources */,
				044596461C65286800C84172 /* got-him.png in Resources */,
				0445962B1C651A7000C84172 /* dave-chappelle-hummina.m4a in Resources */,
				0445962A1C651A6D00C84172 /* deez-nuts.m4a in Resources */,
				04B996521C5D9E1D003CFAAC /* menu-icon@3x.png in Resources */,
				0472864B1C57F28300F08547 /* LaunchScreen.storyboard in Resources */,
				046388611C6D973800B57CC2 /* linda-listen.m4a in Resources */,
				0445962C1C651A7200C84172 /* bye-felicia.m4a in Resources */,
				0445962D1C651A7500C84172 /* bon-qui-rude.m4a in Resources */,
				044596251C651A6000C84172 /* thats-what-she-said.m4a in Resources */,
				044596481C65286800C84172 /* hah-gay.png in Resources */,
				044596431C65286800C84172 /* bye-felicia.png in Resources */,
				04B996511C5D9E1D003CFAAC /* menu-icon@2x.png in Resources */,
				04227ACF1C5D534900D075C2 /* System-settings-icon@3x.png in Resources */,
				044596491C65286800C84172 /* shazam.png in Resources */,
				0445963F1C65286800C84172 /* archer-fail.png in Resources */,
				044596301C651A7D00C84172 /* archer-fail.m4a in Resources */,
				044596441C65286800C84172 /* dave-chappelle-hummina.png in Resources */,
				043EF5201C615B8300733477 /* DefaultSettings.plist in Resources */,
				04227ACE1C5D534900D075C2 /* System-settings-icon@2x.png in Resources */,
				044596311C651A8500C84172 /* gotcha-bitch.m4a in Resources */,
				046388701C6D9D3100B57CC2 /* okay-vine.png in Resources */,
				046388681C6D974800B57CC2 /* linda-listen.png in Resources */,
				044596411C65286800C84172 /* bon-qui-rude.png in Resources */,
				044596281C651A6800C84172 /* shazam.m4a in Resources */,
				044596241C651A5C00C84172 /* wrap-it-up-music.m4a in Resources */,
				044596291C651A6B00C84172 /* got-him.m4a in Resources */,
				044596471C65286800C84172 /* gotcha-bitch.png in Resources */,
				046388601C6D973800B57CC2 /* jesus-christ-kid.m4a in Resources */,
				0463886E1C6D9D0000B57CC2 /* okay-vine.m4a in Resources */,
				0445964A1C65286800C84172 /* that-was-easy.png in Resources */,
				04699E3A1C6571A900F9FE4F /* wrap-it-up-music.png in Resources */,
				04B996501C5D9E1D003CFAAC /* menu-icon.png in Resources */,
				044596421C65286800C84172 /* bon-qui-security.png in Resources */,
				044596271C651A6500C84172 /* hah-gay.m4a in Resources */,
				046388661C6D974800B57CC2 /* jesus-christ-kid.png in Resources */,
				0463886A1C6D9B3B00B57CC2 /* okay-kanye-song.png in Resources */,
				0445962E1C651A7800C84172 /* bon-qui-security.m4a in Resources */,
				0445962F1C651A7A00C84172 /* bon-qui-girl-i-cut-him.m4a in Resources */,
				047286481C57F28300F08547 /* Assets.xcassets in Resources */,
				042615C41C69AEF300E351EC /* instarapairhorn.m4a in Resources */,
				046388621C6D973800B57CC2 /* okay-then-what.m4a in Resources */,
				04227ACD1C5D534900D075C2 /* System-settings-icon.png in Resources */,
				047286461C57F28300F08547 /* Main.storyboard in Resources */,
				046388671C6D974800B57CC2 /* okay-then-what.png in Resources */,
				044596401C65286800C84172 /* bon-qui-girl-i-cut-him.png in Resources */,
				044596261C651A6300C84172 /* that-was-easy.m4a in Resources */,
				0445964B1C65286800C84172 /* thats-what-she-said.png in Resources */,
				0463886C1C6D9B8E00B57CC2 /* okay-kanye-song.m4a in Resources */,
				044596451C65286800C84172 /* deez-nuts.png in Resources */,
			);
			runOnlyForDeploymentPostprocessing = 0;
		};
/* End PBXResourcesBuildPhase section */

/* Begin PBXSourcesBuildPhase section */
		047286391C57F28300F08547 /* Sources */ = {
			isa = PBXSourcesBuildPhase;
			buildActionMask = 2147483647;
			files = (
				047286431C57F28300F08547 /* ViewController.swift in Sources */,
				047286411C57F28300F08547 /* AppDelegate.swift in Sources */,
				04227AD11C5D558C00D075C2 /* SettingsViewController.swift in Sources */,
				04B9964C1C5D9B10003CFAAC /* ButtonSelectionViewController.swift in Sources */,
			);
			runOnlyForDeploymentPostprocessing = 0;
		};
/* End PBXSourcesBuildPhase section */

/* Begin PBXVariantGroup section */
		047286441C57F28300F08547 /* Main.storyboard */ = {
			isa = PBXVariantGroup;
			children = (
				047286451C57F28300F08547 /* Base */,
			);
			name = Main.storyboard;
			sourceTree = "<group>";
		};
		047286491C57F28300F08547 /* LaunchScreen.storyboard */ = {
			isa = PBXVariantGroup;
			children = (
				0472864A1C57F28300F08547 /* Base */,
			);
			name = LaunchScreen.storyboard;
			sourceTree = "<group>";
		};
/* End PBXVariantGroup section */

/* Begin XCBuildConfiguration section */
		0472864D1C57F28300F08547 /* Debug */ = {
			isa = XCBuildConfiguration;
			buildSettings = {
				ALWAYS_SEARCH_USER_PATHS = NO;
				CLANG_CXX_LANGUAGE_STANDARD = "gnu++0x";
				CLANG_CXX_LIBRARY = "libc++";
				CLANG_ENABLE_MODULES = YES;
				CLANG_ENABLE_OBJC_ARC = YES;
				CLANG_WARN_BOOL_CONVERSION = YES;
				CLANG_WARN_CONSTANT_CONVERSION = YES;
				CLANG_WARN_DIRECT_OBJC_ISA_USAGE = YES_ERROR;
				CLANG_WARN_EMPTY_BODY = YES;
				CLANG_WARN_ENUM_CONVERSION = YES;
				CLANG_WARN_INT_CONVERSION = YES;
				CLANG_WARN_OBJC_ROOT_CLASS = YES_ERROR;
				CLANG_WARN_UNREACHABLE_CODE = YES;
				CLANG_WARN__DUPLICATE_METHOD_MATCH = YES;
				"CODE_SIGN_IDENTITY[sdk=iphoneos*]" = "iPhone Developer";
				COPY_PHASE_STRIP = NO;
				DEBUG_INFORMATION_FORMAT = dwarf;
				ENABLE_STRICT_OBJC_MSGSEND = YES;
				ENABLE_TESTABILITY = YES;
				GCC_C_LANGUAGE_STANDARD = gnu99;
				GCC_DYNAMIC_NO_PIC = NO;
				GCC_NO_COMMON_BLOCKS = YES;
				GCC_OPTIMIZATION_LEVEL = 0;
				GCC_PREPROCESSOR_DEFINITIONS = (
					"DEBUG=1",
					"$(inherited)",
				);
				GCC_WARN_64_TO_32_BIT_CONVERSION = YES;
				GCC_WARN_ABOUT_RETURN_TYPE = YES_ERROR;
				GCC_WARN_UNDECLARED_SELECTOR = YES;
				GCC_WARN_UNINITIALIZED_AUTOS = YES_AGGRESSIVE;
				GCC_WARN_UNUSED_FUNCTION = YES;
				GCC_WARN_UNUSED_VARIABLE = YES;
				IPHONEOS_DEPLOYMENT_TARGET = 9.2;
				MTL_ENABLE_DEBUG_INFO = YES;
				ONLY_ACTIVE_ARCH = YES;
				SDKROOT = iphoneos;
				SWIFT_OPTIMIZATION_LEVEL = "-Onone";
			};
			name = Debug;
		};
		0472864E1C57F28300F08547 /* Release */ = {
			isa = XCBuildConfiguration;
			buildSettings = {
				ALWAYS_SEARCH_USER_PATHS = NO;
				CLANG_CXX_LANGUAGE_STANDARD = "gnu++0x";
				CLANG_CXX_LIBRARY = "libc++";
				CLANG_ENABLE_MODULES = YES;
				CLANG_ENABLE_OBJC_ARC = YES;
				CLANG_WARN_BOOL_CONVERSION = YES;
				CLANG_WARN_CONSTANT_CONVERSION = YES;
				CLANG_WARN_DIRECT_OBJC_ISA_USAGE = YES_ERROR;
				CLANG_WARN_EMPTY_BODY = YES;
				CLANG_WARN_ENUM_CONVERSION = YES;
				CLANG_WARN_INT_CONVERSION = YES;
				CLANG_WARN_OBJC_ROOT_CLASS = YES_ERROR;
				CLANG_WARN_UNREACHABLE_CODE = YES;
				CLANG_WARN__DUPLICATE_METHOD_MATCH = YES;
				"CODE_SIGN_IDENTITY[sdk=iphoneos*]" = "iPhone Developer";
				COPY_PHASE_STRIP = NO;
				DEBUG_INFORMATION_FORMAT = "dwarf-with-dsym";
				ENABLE_NS_ASSERTIONS = NO;
				ENABLE_STRICT_OBJC_MSGSEND = YES;
				GCC_C_LANGUAGE_STANDARD = gnu99;
				GCC_NO_COMMON_BLOCKS = YES;
				GCC_WARN_64_TO_32_BIT_CONVERSION = YES;
				GCC_WARN_ABOUT_RETURN_TYPE = YES_ERROR;
				GCC_WARN_UNDECLARED_SELECTOR = YES;
				GCC_WARN_UNINITIALIZED_AUTOS = YES_AGGRESSIVE;
				GCC_WARN_UNUSED_FUNCTION = YES;
				GCC_WARN_UNUSED_VARIABLE = YES;
				IPHONEOS_DEPLOYMENT_TARGET = 9.2;
				MTL_ENABLE_DEBUG_INFO = NO;
				SDKROOT = iphoneos;
				VALIDATE_PRODUCT = YES;
			};
			name = Release;
		};
		047286501C57F28300F08547 /* Debug */ = {
			isa = XCBuildConfiguration;
			buildSettings = {
				ASSETCATALOG_COMPILER_APPICON_NAME = AppIcon;
				CODE_SIGN_IDENTITY = "iPhone Developer";
				"CODE_SIGN_IDENTITY[sdk=iphoneos*]" = "iPhone Developer";
				INFOPLIST_FILE = Bruhhh/Info.plist;
				LD_RUNPATH_SEARCH_PATHS = "$(inherited) @executable_path/Frameworks";
				PRODUCT_BUNDLE_IDENTIFIER = com.MacSuperstore.Bruhhh;
				PRODUCT_NAME = "$(TARGET_NAME)";
				PROVISIONING_PROFILE = "";
				SWIFT_OBJC_BRIDGING_HEADER = "";
			};
			name = Debug;
		};
		047286511C57F28300F08547 /* Release */ = {
			isa = XCBuildConfiguration;
			buildSettings = {
				ASSETCATALOG_COMPILER_APPICON_NAME = AppIcon;
				CODE_SIGN_IDENTITY = "iPhone Developer";
				"CODE_SIGN_IDENTITY[sdk=iphoneos*]" = "iPhone Developer";
				INFOPLIST_FILE = Bruhhh/Info.plist;
				LD_RUNPATH_SEARCH_PATHS = "$(inherited) @executable_path/Frameworks";
				PRODUCT_BUNDLE_IDENTIFIER = com.MacSuperstore.Bruhhh;
				PRODUCT_NAME = "$(TARGET_NAME)";
				PROVISIONING_PROFILE = "";
				SWIFT_OBJC_BRIDGING_HEADER = "";
			};
			name = Release;
		};
/* End XCBuildConfiguration section */

/* Begin XCConfigurationList section */
		047286381C57F28300F08547 /* Build configuration list for PBXProject "Bruhhh" */ = {
			isa = XCConfigurationList;
			buildConfigurations = (
				0472864D1C57F28300F08547 /* Debug */,
				0472864E1C57F28300F08547 /* Release */,
			);
			defaultConfigurationIsVisible = 0;
			defaultConfigurationName = Release;
		};
		0472864F1C57F28300F08547 /* Build configuration list for PBXNativeTarget "Bruhhh" */ = {
			isa = XCConfigurationList;
			buildConfigurations = (
				047286501C57F28300F08547 /* Debug */,
				047286511C57F28300F08547 /* Release */,
			);
			defaultConfigurationIsVisible = 0;
			defaultConfigurationName = Release;
		};
/* End XCConfigurationList section */
	};
	rootObject = 047286351C57F28300F08547 /* Project object */;
}
